// !$*UTF8*$!
{
	archiveVersion = 1;
	classes = {
	};
	objectVersion = 52;
	objects = {

/* Begin PBXBuildFile section */
		52F4CAED25122EC800BCBA9F /* Tests_iOS.swift in Sources */ = {isa = PBXBuildFile; fileRef = 52F4CAEC25122EC800BCBA9F /* Tests_iOS.swift */; };
		52F4CAF825122EC800BCBA9F /* Tests_macOS.swift in Sources */ = {isa = PBXBuildFile; fileRef = 52F4CAF725122EC800BCBA9F /* Tests_macOS.swift */; };
		52F4CAFA25122EC800BCBA9F /* iOS_learning_artifactApp.swift in Sources */ = {isa = PBXBuildFile; fileRef = 52F4CAD125122EC600BCBA9F /* iOS_learning_artifactApp.swift */; };
		52F4CAFB25122EC800BCBA9F /* iOS_learning_artifactApp.swift in Sources */ = {isa = PBXBuildFile; fileRef = 52F4CAD125122EC600BCBA9F /* iOS_learning_artifactApp.swift */; };
		52F4CAFC25122EC800BCBA9F /* ContentView.swift in Sources */ = {isa = PBXBuildFile; fileRef = 52F4CAD225122EC600BCBA9F /* ContentView.swift */; };
		52F4CAFD25122EC800BCBA9F /* ContentView.swift in Sources */ = {isa = PBXBuildFile; fileRef = 52F4CAD225122EC600BCBA9F /* ContentView.swift */; };
		52F4CAFE25122EC800BCBA9F /* Assets.xcassets in Resources */ = {isa = PBXBuildFile; fileRef = 52F4CAD325122EC800BCBA9F /* Assets.xcassets */; };
		52F4CAFF25122EC800BCBA9F /* Assets.xcassets in Resources */ = {isa = PBXBuildFile; fileRef = 52F4CAD325122EC800BCBA9F /* Assets.xcassets */; };
		52F4CB122512302200BCBA9F /* AlgorithmCourse.swift in Sources */ = {isa = PBXBuildFile; fileRef = 52F4CB112512302200BCBA9F /* AlgorithmCourse.swift */; };
		52F4CB132512302200BCBA9F /* AlgorithmCourse.swift in Sources */ = {isa = PBXBuildFile; fileRef = 52F4CB112512302200BCBA9F /* AlgorithmCourse.swift */; };
		52F4CB15251230D900BCBA9F /* AlgorithmCourseItem.swift in Sources */ = {isa = PBXBuildFile; fileRef = 52F4CB14251230D900BCBA9F /* AlgorithmCourseItem.swift */; };
		52F4CB16251230D900BCBA9F /* AlgorithmCourseItem.swift in Sources */ = {isa = PBXBuildFile; fileRef = 52F4CB14251230D900BCBA9F /* AlgorithmCourseItem.swift */; };
		52F4CB18251232A700BCBA9F /* AlgorithmCourseSection.swift in Sources */ = {isa = PBXBuildFile; fileRef = 52F4CB17251232A700BCBA9F /* AlgorithmCourseSection.swift */; };
		52F4CB19251232A700BCBA9F /* AlgorithmCourseSection.swift in Sources */ = {isa = PBXBuildFile; fileRef = 52F4CB17251232A700BCBA9F /* AlgorithmCourseSection.swift */; };
		52F4CB1B2512335B00BCBA9F /* ALgorithmCourseRow.swift in Sources */ = {isa = PBXBuildFile; fileRef = 52F4CB1A2512335B00BCBA9F /* ALgorithmCourseRow.swift */; };
		52F4CB1C2512335B00BCBA9F /* ALgorithmCourseRow.swift in Sources */ = {isa = PBXBuildFile; fileRef = 52F4CB1A2512335B00BCBA9F /* ALgorithmCourseRow.swift */; };
		52F4CB1F2512347000BCBA9F /* RootView.swift in Sources */ = {isa = PBXBuildFile; fileRef = 52F4CB1E2512347000BCBA9F /* RootView.swift */; };
		52F4CB202512347000BCBA9F /* RootView.swift in Sources */ = {isa = PBXBuildFile; fileRef = 52F4CB1E2512347000BCBA9F /* RootView.swift */; };
		52F4CB2225123C5C00BCBA9F /* Sidebar.swift in Sources */ = {isa = PBXBuildFile; fileRef = 52F4CB2125123C5C00BCBA9F /* Sidebar.swift */; };
		52F4CB2325123C5C00BCBA9F /* Sidebar.swift in Sources */ = {isa = PBXBuildFile; fileRef = 52F4CB2125123C5C00BCBA9F /* Sidebar.swift */; };
		8A0828982533ED9500DAC0A4 /* QuestionRow.swift in Sources */ = {isa = PBXBuildFile; fileRef = 8A0828972533ED9500DAC0A4 /* QuestionRow.swift */; };
		8A0828992533ED9500DAC0A4 /* QuestionRow.swift in Sources */ = {isa = PBXBuildFile; fileRef = 8A0828972533ED9500DAC0A4 /* QuestionRow.swift */; };
		8A496FB425541B670077A80F /* QuestionDetail.swift in Sources */ = {isa = PBXBuildFile; fileRef = 8A496FB325541B670077A80F /* QuestionDetail.swift */; };
		8A496FB525541B670077A80F /* QuestionDetail.swift in Sources */ = {isa = PBXBuildFile; fileRef = 8A496FB325541B670077A80F /* QuestionDetail.swift */; };
		8A5D703C2532FD75009F2A32 /* Helper.swift in Sources */ = {isa = PBXBuildFile; fileRef = 8A5D703B2532FD75009F2A32 /* Helper.swift */; };
		8A5D703D2532FD75009F2A32 /* Helper.swift in Sources */ = {isa = PBXBuildFile; fileRef = 8A5D703B2532FD75009F2A32 /* Helper.swift */; };
		8A5D7043253337D2009F2A32 /* Question.swift in Sources */ = {isa = PBXBuildFile; fileRef = 8A5D7042253337D2009F2A32 /* Question.swift */; };
		8A5D7044253337D2009F2A32 /* Question.swift in Sources */ = {isa = PBXBuildFile; fileRef = 8A5D7042253337D2009F2A32 /* Question.swift */; };
		8A5F4329255139CD0097B619 /* Record.swift in Sources */ = {isa = PBXBuildFile; fileRef = 8A5F4328255139CD0097B619 /* Record.swift */; };
		8A5F432A255139CD0097B619 /* Record.swift in Sources */ = {isa = PBXBuildFile; fileRef = 8A5F4328255139CD0097B619 /* Record.swift */; };
		8A658065254174390036E6E5 /* HomeView.swift in Sources */ = {isa = PBXBuildFile; fileRef = 8A658064254174390036E6E5 /* HomeView.swift */; };
		8A658066254174390036E6E5 /* HomeView.swift in Sources */ = {isa = PBXBuildFile; fileRef = 8A658064254174390036E6E5 /* HomeView.swift */; };
		8A658075254175A00036E6E5 /* DataStore.swift in Sources */ = {isa = PBXBuildFile; fileRef = 8A658074254175A00036E6E5 /* DataStore.swift */; };
		8A658076254175A00036E6E5 /* DataStore.swift in Sources */ = {isa = PBXBuildFile; fileRef = 8A658074254175A00036E6E5 /* DataStore.swift */; };
		8A658080254175ED0036E6E5 /* NetWorkingTool.swift in Sources */ = {isa = PBXBuildFile; fileRef = 8A65807F254175ED0036E6E5 /* NetWorkingTool.swift */; };
		8A658081254175ED0036E6E5 /* NetWorkingTool.swift in Sources */ = {isa = PBXBuildFile; fileRef = 8A65807F254175ED0036E6E5 /* NetWorkingTool.swift */; };
		8A6580872541764E0036E6E5 /* Podfile in Resources */ = {isa = PBXBuildFile; fileRef = 8A6580862541764E0036E6E5 /* Podfile */; };
		8A6580882541764E0036E6E5 /* Podfile in Resources */ = {isa = PBXBuildFile; fileRef = 8A6580862541764E0036E6E5 /* Podfile */; };
		8A658099254177A30036E6E5 /* SectionView.swift in Sources */ = {isa = PBXBuildFile; fileRef = 8A658098254177A30036E6E5 /* SectionView.swift */; };
		8A65809A254177A30036E6E5 /* SectionView.swift in Sources */ = {isa = PBXBuildFile; fileRef = 8A658098254177A30036E6E5 /* SectionView.swift */; };
		8A6580A425417E390036E6E5 /* AlgorithmListView.swift in Sources */ = {isa = PBXBuildFile; fileRef = 8A6580A325417E390036E6E5 /* AlgorithmListView.swift */; };
		8A6580A525417E390036E6E5 /* AlgorithmListView.swift in Sources */ = {isa = PBXBuildFile; fileRef = 8A6580A325417E390036E6E5 /* AlgorithmListView.swift */; };
		8A68BE0B2535528100B88C95 /* QuestionDetail.json in Resources */ = {isa = PBXBuildFile; fileRef = 8A68BE0A2535528100B88C95 /* QuestionDetail.json */; };
		8A68BE0C2535528100B88C95 /* QuestionDetail.json in Resources */ = {isa = PBXBuildFile; fileRef = 8A68BE0A2535528100B88C95 /* QuestionDetail.json */; };
		8A68BE1F2535944000B88C95 /* QuestionDetailModel.swift in Sources */ = {isa = PBXBuildFile; fileRef = 8A68BE1E2535944000B88C95 /* QuestionDetailModel.swift */; };
		8A68BE202535944000B88C95 /* QuestionDetailModel.swift in Sources */ = {isa = PBXBuildFile; fileRef = 8A68BE1E2535944000B88C95 /* QuestionDetailModel.swift */; };
		8A765D002531F9C300489B1A /* questions.json in Resources */ = {isa = PBXBuildFile; fileRef = 8A765CFF2531F9C300489B1A /* questions.json */; };
		8A765D012531F9C300489B1A /* questions.json in Resources */ = {isa = PBXBuildFile; fileRef = 8A765CFF2531F9C300489B1A /* questions.json */; };
		8A8C2DA8254669890037C62B /* QuestionCategoryDetail.swift in Sources */ = {isa = PBXBuildFile; fileRef = 8A8C2DA7254669890037C62B /* QuestionCategoryDetail.swift */; };
		8A8C2DA9254669890037C62B /* QuestionCategoryDetail.swift in Sources */ = {isa = PBXBuildFile; fileRef = 8A8C2DA7254669890037C62B /* QuestionCategoryDetail.swift */; };
		8A8C2DB0254676810037C62B /* UserStore.swift in Sources */ = {isa = PBXBuildFile; fileRef = 8A8C2DAF254676810037C62B /* UserStore.swift */; };
		8A8C2DB1254676810037C62B /* UserStore.swift in Sources */ = {isa = PBXBuildFile; fileRef = 8A8C2DAF254676810037C62B /* UserStore.swift */; };
		8A8C2DBC254677300037C62B /* CustomModifiers.swift in Sources */ = {isa = PBXBuildFile; fileRef = 8A8C2DBB254677300037C62B /* CustomModifiers.swift */; };
		8A8C2DBD254677300037C62B /* CustomModifiers.swift in Sources */ = {isa = PBXBuildFile; fileRef = 8A8C2DBB254677300037C62B /* CustomModifiers.swift */; };
		8A8C2DC825467EE30037C62B /* LoginView.swift in Sources */ = {isa = PBXBuildFile; fileRef = 8A8C2DC725467EE30037C62B /* LoginView.swift */; };
		8A8C2DC925467EE30037C62B /* LoginView.swift in Sources */ = {isa = PBXBuildFile; fileRef = 8A8C2DC725467EE30037C62B /* LoginView.swift */; };
		8A8C2DD32546837D0037C62B /* LoadingView.swift in Sources */ = {isa = PBXBuildFile; fileRef = 8A8C2DD22546837D0037C62B /* LoadingView.swift */; };
		8A8C2DD42546837D0037C62B /* LoadingView.swift in Sources */ = {isa = PBXBuildFile; fileRef = 8A8C2DD22546837D0037C62B /* LoadingView.swift */; };
		8A8C2DDA254683C70037C62B /* LottieView.swift in Sources */ = {isa = PBXBuildFile; fileRef = 8A8C2DD9254683C70037C62B /* LottieView.swift */; };
		8A8C2DDB254683C70037C62B /* LottieView.swift in Sources */ = {isa = PBXBuildFile; fileRef = 8A8C2DD9254683C70037C62B /* LottieView.swift */; };
		8A8C2DE3254686AA0037C62B /* loading.json in Resources */ = {isa = PBXBuildFile; fileRef = 8A8C2DE1254686AA0037C62B /* loading.json */; };
		8A8C2DE4254686AA0037C62B /* loading.json in Resources */ = {isa = PBXBuildFile; fileRef = 8A8C2DE1254686AA0037C62B /* loading.json */; };
		8A8C2DE5254686AA0037C62B /* success.json in Resources */ = {isa = PBXBuildFile; fileRef = 8A8C2DE2254686AA0037C62B /* success.json */; };
		8A8C2DE6254686AA0037C62B /* success.json in Resources */ = {isa = PBXBuildFile; fileRef = 8A8C2DE2254686AA0037C62B /* success.json */; };
		8A8C2DED25469B340037C62B /* Lottie in Frameworks */ = {isa = PBXBuildFile; productRef = 8A8C2DEC25469B340037C62B /* Lottie */; };
		8A8C2DF725469DAC0037C62B /* LoginSuccessView.swift in Sources */ = {isa = PBXBuildFile; fileRef = 8A8C2DF625469DAC0037C62B /* LoginSuccessView.swift */; };
		8A8C2DF825469DAC0037C62B /* LoginSuccessView.swift in Sources */ = {isa = PBXBuildFile; fileRef = 8A8C2DF625469DAC0037C62B /* LoginSuccessView.swift */; };
		8A8C2DFE25469DE10037C62B /* BlurView.swift in Sources */ = {isa = PBXBuildFile; fileRef = 8A8C2DFD25469DE10037C62B /* BlurView.swift */; };
		8A8C2DFF25469DE10037C62B /* BlurView.swift in Sources */ = {isa = PBXBuildFile; fileRef = 8A8C2DFD25469DE10037C62B /* BlurView.swift */; };
		8A94730B25555DB8004BF1CB /* Alamofire in Frameworks */ = {isa = PBXBuildFile; productRef = 8A94730A25555DB8004BF1CB /* Alamofire */; };
		8AD239CB25551D330018BE43 /* Submission.swift in Sources */ = {isa = PBXBuildFile; fileRef = 8AD239CA25551D330018BE43 /* Submission.swift */; };
		8AD239CC25551D330018BE43 /* Submission.swift in Sources */ = {isa = PBXBuildFile; fileRef = 8AD239CA25551D330018BE43 /* Submission.swift */; };
		B3396344B828A12E4024EC51 /* Pods_iOS_learning_artifact__iOS_.framework in Frameworks */ = {isa = PBXBuildFile; fileRef = BB950A73BE1B9A9EAECA79AE /* Pods_iOS_learning_artifact__iOS_.framework */; };
/* End PBXBuildFile section */

/* Begin PBXContainerItemProxy section */
		52F4CAE925122EC800BCBA9F /* PBXContainerItemProxy */ = {
			isa = PBXContainerItemProxy;
			containerPortal = 52F4CACC25122EC500BCBA9F /* Project object */;
			proxyType = 1;
			remoteGlobalIDString = 52F4CAD725122EC800BCBA9F;
			remoteInfo = "iOS-learning-artifact (iOS)";
		};
		52F4CAF425122EC800BCBA9F /* PBXContainerItemProxy */ = {
			isa = PBXContainerItemProxy;
			containerPortal = 52F4CACC25122EC500BCBA9F /* Project object */;
			proxyType = 1;
			remoteGlobalIDString = 52F4CADF25122EC800BCBA9F;
			remoteInfo = "iOS-learning-artifact (macOS)";
		};
/* End PBXContainerItemProxy section */

/* Begin PBXFileReference section */
		4A5466DDDF5AA0A63A538047 /* Pods-iOS-learning-artifact (iOS).debug.xcconfig */ = {isa = PBXFileReference; includeInIndex = 1; lastKnownFileType = text.xcconfig; name = "Pods-iOS-learning-artifact (iOS).debug.xcconfig"; path = "Target Support Files/Pods-iOS-learning-artifact (iOS)/Pods-iOS-learning-artifact (iOS).debug.xcconfig"; sourceTree = "<group>"; };
		52F4CAD125122EC600BCBA9F /* iOS_learning_artifactApp.swift */ = {isa = PBXFileReference; lastKnownFileType = sourcecode.swift; path = iOS_learning_artifactApp.swift; sourceTree = "<group>"; };
		52F4CAD225122EC600BCBA9F /* ContentView.swift */ = {isa = PBXFileReference; lastKnownFileType = sourcecode.swift; path = ContentView.swift; sourceTree = "<group>"; };
		52F4CAD325122EC800BCBA9F /* Assets.xcassets */ = {isa = PBXFileReference; lastKnownFileType = folder.assetcatalog; path = Assets.xcassets; sourceTree = "<group>"; };
		52F4CAD825122EC800BCBA9F /* SwiftUI-learning-artifact.app */ = {isa = PBXFileReference; explicitFileType = wrapper.application; includeInIndex = 0; path = "SwiftUI-learning-artifact.app"; sourceTree = BUILT_PRODUCTS_DIR; };
		52F4CADB25122EC800BCBA9F /* Info.plist */ = {isa = PBXFileReference; lastKnownFileType = text.plist.xml; path = Info.plist; sourceTree = "<group>"; };
		52F4CAE025122EC800BCBA9F /* SwiftUI-learning-artifact.app */ = {isa = PBXFileReference; explicitFileType = wrapper.application; includeInIndex = 0; path = "SwiftUI-learning-artifact.app"; sourceTree = BUILT_PRODUCTS_DIR; };
		52F4CAE225122EC800BCBA9F /* Info.plist */ = {isa = PBXFileReference; lastKnownFileType = text.plist.xml; path = Info.plist; sourceTree = "<group>"; };
		52F4CAE325122EC800BCBA9F /* macOS.entitlements */ = {isa = PBXFileReference; lastKnownFileType = text.plist.entitlements; path = macOS.entitlements; sourceTree = "<group>"; };
		52F4CAE825122EC800BCBA9F /* Tests iOS.xctest */ = {isa = PBXFileReference; explicitFileType = wrapper.cfbundle; includeInIndex = 0; path = "Tests iOS.xctest"; sourceTree = BUILT_PRODUCTS_DIR; };
		52F4CAEC25122EC800BCBA9F /* Tests_iOS.swift */ = {isa = PBXFileReference; lastKnownFileType = sourcecode.swift; path = Tests_iOS.swift; sourceTree = "<group>"; };
		52F4CAEE25122EC800BCBA9F /* Info.plist */ = {isa = PBXFileReference; lastKnownFileType = text.plist.xml; path = Info.plist; sourceTree = "<group>"; };
		52F4CAF325122EC800BCBA9F /* Tests macOS.xctest */ = {isa = PBXFileReference; explicitFileType = wrapper.cfbundle; includeInIndex = 0; path = "Tests macOS.xctest"; sourceTree = BUILT_PRODUCTS_DIR; };
		52F4CAF725122EC800BCBA9F /* Tests_macOS.swift */ = {isa = PBXFileReference; lastKnownFileType = sourcecode.swift; path = Tests_macOS.swift; sourceTree = "<group>"; };
		52F4CAF925122EC800BCBA9F /* Info.plist */ = {isa = PBXFileReference; lastKnownFileType = text.plist.xml; path = Info.plist; sourceTree = "<group>"; };
		52F4CB112512302200BCBA9F /* AlgorithmCourse.swift */ = {isa = PBXFileReference; lastKnownFileType = sourcecode.swift; path = AlgorithmCourse.swift; sourceTree = "<group>"; };
		52F4CB14251230D900BCBA9F /* AlgorithmCourseItem.swift */ = {isa = PBXFileReference; lastKnownFileType = sourcecode.swift; path = AlgorithmCourseItem.swift; sourceTree = "<group>"; };
		52F4CB17251232A700BCBA9F /* AlgorithmCourseSection.swift */ = {isa = PBXFileReference; lastKnownFileType = sourcecode.swift; path = AlgorithmCourseSection.swift; sourceTree = "<group>"; };
		52F4CB1A2512335B00BCBA9F /* ALgorithmCourseRow.swift */ = {isa = PBXFileReference; lastKnownFileType = sourcecode.swift; path = ALgorithmCourseRow.swift; sourceTree = "<group>"; };
		52F4CB1E2512347000BCBA9F /* RootView.swift */ = {isa = PBXFileReference; lastKnownFileType = sourcecode.swift; path = RootView.swift; sourceTree = "<group>"; };
		52F4CB2125123C5C00BCBA9F /* Sidebar.swift */ = {isa = PBXFileReference; lastKnownFileType = sourcecode.swift; path = Sidebar.swift; sourceTree = "<group>"; };
		6B0FF2DEFD3B2DDE76B1253F /* Pods-iOS-learning-artifact (iOS).release.xcconfig */ = {isa = PBXFileReference; includeInIndex = 1; lastKnownFileType = text.xcconfig; name = "Pods-iOS-learning-artifact (iOS).release.xcconfig"; path = "Target Support Files/Pods-iOS-learning-artifact (iOS)/Pods-iOS-learning-artifact (iOS).release.xcconfig"; sourceTree = "<group>"; };
		8A0828972533ED9500DAC0A4 /* QuestionRow.swift */ = {isa = PBXFileReference; lastKnownFileType = sourcecode.swift; path = QuestionRow.swift; sourceTree = "<group>"; };
		8A496FB325541B670077A80F /* QuestionDetail.swift */ = {isa = PBXFileReference; lastKnownFileType = sourcecode.swift; path = QuestionDetail.swift; sourceTree = "<group>"; };
		8A5D703B2532FD75009F2A32 /* Helper.swift */ = {isa = PBXFileReference; lastKnownFileType = sourcecode.swift; path = Helper.swift; sourceTree = "<group>"; };
		8A5D7042253337D2009F2A32 /* Question.swift */ = {isa = PBXFileReference; lastKnownFileType = sourcecode.swift; path = Question.swift; sourceTree = "<group>"; };
		8A5F4328255139CD0097B619 /* Record.swift */ = {isa = PBXFileReference; fileEncoding = 4; lastKnownFileType = sourcecode.swift; path = Record.swift; sourceTree = "<group>"; };
		8A658064254174390036E6E5 /* HomeView.swift */ = {isa = PBXFileReference; lastKnownFileType = sourcecode.swift; path = HomeView.swift; sourceTree = "<group>"; };
		8A658074254175A00036E6E5 /* DataStore.swift */ = {isa = PBXFileReference; lastKnownFileType = sourcecode.swift; path = DataStore.swift; sourceTree = "<group>"; };
		8A65807F254175ED0036E6E5 /* NetWorkingTool.swift */ = {isa = PBXFileReference; lastKnownFileType = sourcecode.swift; path = NetWorkingTool.swift; sourceTree = "<group>"; };
		8A6580862541764E0036E6E5 /* Podfile */ = {isa = PBXFileReference; lastKnownFileType = text; path = Podfile; sourceTree = SOURCE_ROOT; xcLanguageSpecificationIdentifier = xcode.lang.ruby; };
		8A658098254177A30036E6E5 /* SectionView.swift */ = {isa = PBXFileReference; lastKnownFileType = sourcecode.swift; path = SectionView.swift; sourceTree = "<group>"; };
		8A6580A325417E390036E6E5 /* AlgorithmListView.swift */ = {isa = PBXFileReference; lastKnownFileType = sourcecode.swift; path = AlgorithmListView.swift; sourceTree = "<group>"; };
		8A68BE0A2535528100B88C95 /* QuestionDetail.json */ = {isa = PBXFileReference; lastKnownFileType = text.json; path = QuestionDetail.json; sourceTree = "<group>"; };
		8A68BE1E2535944000B88C95 /* QuestionDetailModel.swift */ = {isa = PBXFileReference; lastKnownFileType = sourcecode.swift; path = QuestionDetailModel.swift; sourceTree = "<group>"; };
		8A765CFF2531F9C300489B1A /* questions.json */ = {isa = PBXFileReference; lastKnownFileType = text.json; path = questions.json; sourceTree = "<group>"; };
		8A8C2DA7254669890037C62B /* QuestionCategoryDetail.swift */ = {isa = PBXFileReference; lastKnownFileType = sourcecode.swift; path = QuestionCategoryDetail.swift; sourceTree = "<group>"; };
		8A8C2DAF254676810037C62B /* UserStore.swift */ = {isa = PBXFileReference; lastKnownFileType = sourcecode.swift; path = UserStore.swift; sourceTree = "<group>"; };
		8A8C2DBB254677300037C62B /* CustomModifiers.swift */ = {isa = PBXFileReference; lastKnownFileType = sourcecode.swift; path = CustomModifiers.swift; sourceTree = "<group>"; };
		8A8C2DC725467EE30037C62B /* LoginView.swift */ = {isa = PBXFileReference; lastKnownFileType = sourcecode.swift; path = LoginView.swift; sourceTree = "<group>"; };
		8A8C2DD22546837D0037C62B /* LoadingView.swift */ = {isa = PBXFileReference; lastKnownFileType = sourcecode.swift; path = LoadingView.swift; sourceTree = "<group>"; };
		8A8C2DD9254683C70037C62B /* LottieView.swift */ = {isa = PBXFileReference; lastKnownFileType = sourcecode.swift; path = LottieView.swift; sourceTree = "<group>"; };
		8A8C2DE1254686AA0037C62B /* loading.json */ = {isa = PBXFileReference; fileEncoding = 4; lastKnownFileType = text.json; path = loading.json; sourceTree = "<group>"; };
		8A8C2DE2254686AA0037C62B /* success.json */ = {isa = PBXFileReference; fileEncoding = 4; lastKnownFileType = text.json; path = success.json; sourceTree = "<group>"; };
		8A8C2DF625469DAC0037C62B /* LoginSuccessView.swift */ = {isa = PBXFileReference; lastKnownFileType = sourcecode.swift; path = LoginSuccessView.swift; sourceTree = "<group>"; };
		8A8C2DFD25469DE10037C62B /* BlurView.swift */ = {isa = PBXFileReference; lastKnownFileType = sourcecode.swift; path = BlurView.swift; sourceTree = "<group>"; };
		8AD239CA25551D330018BE43 /* Submission.swift */ = {isa = PBXFileReference; lastKnownFileType = sourcecode.swift; path = Submission.swift; sourceTree = "<group>"; };
		BB950A73BE1B9A9EAECA79AE /* Pods_iOS_learning_artifact__iOS_.framework */ = {isa = PBXFileReference; explicitFileType = wrapper.framework; includeInIndex = 0; path = Pods_iOS_learning_artifact__iOS_.framework; sourceTree = BUILT_PRODUCTS_DIR; };
/* End PBXFileReference section */

/* Begin PBXFrameworksBuildPhase section */
		52F4CAD525122EC800BCBA9F /* Frameworks */ = {
			isa = PBXFrameworksBuildPhase;
			buildActionMask = 2147483647;
			files = (
				8A94730B25555DB8004BF1CB /* Alamofire in Frameworks */,
				B3396344B828A12E4024EC51 /* Pods_iOS_learning_artifact__iOS_.framework in Frameworks */,
				8A8C2DED25469B340037C62B /* Lottie in Frameworks */,
			);
			runOnlyForDeploymentPostprocessing = 0;
		};
		52F4CADD25122EC800BCBA9F /* Frameworks */ = {
			isa = PBXFrameworksBuildPhase;
			buildActionMask = 2147483647;
			files = (
			);
			runOnlyForDeploymentPostprocessing = 0;
		};
		52F4CAE525122EC800BCBA9F /* Frameworks */ = {
			isa = PBXFrameworksBuildPhase;
			buildActionMask = 2147483647;
			files = (
			);
			runOnlyForDeploymentPostprocessing = 0;
		};
		52F4CAF025122EC800BCBA9F /* Frameworks */ = {
			isa = PBXFrameworksBuildPhase;
			buildActionMask = 2147483647;
			files = (
			);
			runOnlyForDeploymentPostprocessing = 0;
		};
/* End PBXFrameworksBuildPhase section */

/* Begin PBXGroup section */
		28B634A234168812496E8F4A /* Frameworks */ = {
			isa = PBXGroup;
			children = (
				BB950A73BE1B9A9EAECA79AE /* Pods_iOS_learning_artifact__iOS_.framework */,
			);
			name = Frameworks;
			sourceTree = "<group>";
		};
		52F4CACB25122EC500BCBA9F = {
			isa = PBXGroup;
			children = (
				52F4CAD025122EC600BCBA9F /* Shared */,
				52F4CADA25122EC800BCBA9F /* iOS */,
				52F4CAE125122EC800BCBA9F /* macOS */,
				52F4CAEB25122EC800BCBA9F /* Tests iOS */,
				52F4CAF625122EC800BCBA9F /* Tests macOS */,
				52F4CAD925122EC800BCBA9F /* Products */,
				F9F5117D49454AFA5A85898F /* Pods */,
				28B634A234168812496E8F4A /* Frameworks */,
			);
			sourceTree = "<group>";
		};
		52F4CAD025122EC600BCBA9F /* Shared */ = {
			isa = PBXGroup;
			children = (
				8AD239C925551CF80018BE43 /* SubMission */,
				8ACC0B062553D5F3002D43E2 /* Networking */,
				8A5F4327255139BC0097B619 /* Record */,
				8A8C2DC625467EC10037C62B /* Login */,
				8A8C2DBA254676AA0037C62B /* Modifiers */,
				8A8C2DAE2546766E0037C62B /* Store */,
				8A658097254177540036E6E5 /* Section */,
				8A6580732541757E0036E6E5 /* Data */,
				8A658063254173A00036E6E5 /* Home */,
				8A5D7049253340F6009F2A32 /* Question */,
				8A5D703A2532FD52009F2A32 /* Common */,
				52F4CB1D2512340000BCBA9F /* Navigation */,
				52F4CB0E25122EF500BCBA9F /* Algorithm */,
				52F4CAD125122EC600BCBA9F /* iOS_learning_artifactApp.swift */,
				52F4CB1E2512347000BCBA9F /* RootView.swift */,
				8A8C2DE0254686AA0037C62B /* Lottie */,
				8A6580862541764E0036E6E5 /* Podfile */,
				8A765CFF2531F9C300489B1A /* questions.json */,
				8A68BE0A2535528100B88C95 /* QuestionDetail.json */,
				52F4CAD325122EC800BCBA9F /* Assets.xcassets */,
			);
			path = Shared;
			sourceTree = "<group>";
		};
		52F4CAD925122EC800BCBA9F /* Products */ = {
			isa = PBXGroup;
			children = (
				52F4CAD825122EC800BCBA9F /* SwiftUI-learning-artifact.app */,
				52F4CAE025122EC800BCBA9F /* SwiftUI-learning-artifact.app */,
				52F4CAE825122EC800BCBA9F /* Tests iOS.xctest */,
				52F4CAF325122EC800BCBA9F /* Tests macOS.xctest */,
			);
			name = Products;
			sourceTree = "<group>";
		};
		52F4CADA25122EC800BCBA9F /* iOS */ = {
			isa = PBXGroup;
			children = (
				52F4CADB25122EC800BCBA9F /* Info.plist */,
			);
			path = iOS;
			sourceTree = "<group>";
		};
		52F4CAE125122EC800BCBA9F /* macOS */ = {
			isa = PBXGroup;
			children = (
				52F4CAE225122EC800BCBA9F /* Info.plist */,
				52F4CAE325122EC800BCBA9F /* macOS.entitlements */,
			);
			path = macOS;
			sourceTree = "<group>";
		};
		52F4CAEB25122EC800BCBA9F /* Tests iOS */ = {
			isa = PBXGroup;
			children = (
				52F4CAEC25122EC800BCBA9F /* Tests_iOS.swift */,
				52F4CAEE25122EC800BCBA9F /* Info.plist */,
			);
			path = "Tests iOS";
			sourceTree = "<group>";
		};
		52F4CAF625122EC800BCBA9F /* Tests macOS */ = {
			isa = PBXGroup;
			children = (
				52F4CAF725122EC800BCBA9F /* Tests_macOS.swift */,
				52F4CAF925122EC800BCBA9F /* Info.plist */,
			);
			path = "Tests macOS";
			sourceTree = "<group>";
		};
		52F4CB0E25122EF500BCBA9F /* Algorithm */ = {
			isa = PBXGroup;
			children = (
				52F4CB1025122FA400BCBA9F /* Model */,
				52F4CB0F25122F5D00BCBA9F /* Items */,
			);
			path = Algorithm;
			sourceTree = "<group>";
		};
		52F4CB0F25122F5D00BCBA9F /* Items */ = {
			isa = PBXGroup;
			children = (
				52F4CB14251230D900BCBA9F /* AlgorithmCourseItem.swift */,
				52F4CB1A2512335B00BCBA9F /* ALgorithmCourseRow.swift */,
			);
			path = Items;
			sourceTree = "<group>";
		};
		52F4CB1025122FA400BCBA9F /* Model */ = {
			isa = PBXGroup;
			children = (
				52F4CB112512302200BCBA9F /* AlgorithmCourse.swift */,
				52F4CB17251232A700BCBA9F /* AlgorithmCourseSection.swift */,
			);
			path = Model;
			sourceTree = "<group>";
		};
		52F4CB1D2512340000BCBA9F /* Navigation */ = {
			isa = PBXGroup;
			children = (
				52F4CAD225122EC600BCBA9F /* ContentView.swift */,
				52F4CB2125123C5C00BCBA9F /* Sidebar.swift */,
			);
			path = Navigation;
			sourceTree = "<group>";
		};
		8A5D703A2532FD52009F2A32 /* Common */ = {
			isa = PBXGroup;
			children = (
				8A5D703B2532FD75009F2A32 /* Helper.swift */,
			);
			path = Common;
			sourceTree = "<group>";
		};
		8A5D7049253340F6009F2A32 /* Question */ = {
			isa = PBXGroup;
			children = (
				8A68BE1E2535944000B88C95 /* QuestionDetailModel.swift */,
				8A8C2DA7254669890037C62B /* QuestionCategoryDetail.swift */,
				8A496FB325541B670077A80F /* QuestionDetail.swift */,
				8A0828972533ED9500DAC0A4 /* QuestionRow.swift */,
				8A5D7042253337D2009F2A32 /* Question.swift */,
			);
			path = Question;
			sourceTree = "<group>";
		};
		8A5F4327255139BC0097B619 /* Record */ = {
			isa = PBXGroup;
			children = (
				8A5F4328255139CD0097B619 /* Record.swift */,
			);
			path = Record;
			sourceTree = "<group>";
		};
		8A658063254173A00036E6E5 /* Home */ = {
			isa = PBXGroup;
			children = (
				8A658064254174390036E6E5 /* HomeView.swift */,
			);
			path = Home;
			sourceTree = "<group>";
		};
		8A6580732541757E0036E6E5 /* Data */ = {
			isa = PBXGroup;
			children = (
				8A658074254175A00036E6E5 /* DataStore.swift */,
			);
			path = Data;
			sourceTree = "<group>";
		};
		8A658097254177540036E6E5 /* Section */ = {
			isa = PBXGroup;
			children = (
				8A658098254177A30036E6E5 /* SectionView.swift */,
				8A6580A325417E390036E6E5 /* AlgorithmListView.swift */,
			);
			path = Section;
			sourceTree = "<group>";
		};
		8A8C2DAE2546766E0037C62B /* Store */ = {
			isa = PBXGroup;
			children = (
				8A8C2DAF254676810037C62B /* UserStore.swift */,
			);
			path = Store;
			sourceTree = "<group>";
		};
		8A8C2DBA254676AA0037C62B /* Modifiers */ = {
			isa = PBXGroup;
			children = (
				8A8C2DBB254677300037C62B /* CustomModifiers.swift */,
			);
			path = Modifiers;
			sourceTree = "<group>";
		};
		8A8C2DC625467EC10037C62B /* Login */ = {
			isa = PBXGroup;
			children = (
				8A8C2DC725467EE30037C62B /* LoginView.swift */,
				8A8C2DD22546837D0037C62B /* LoadingView.swift */,
				8A8C2DD9254683C70037C62B /* LottieView.swift */,
				8A8C2DF625469DAC0037C62B /* LoginSuccessView.swift */,
				8A8C2DFD25469DE10037C62B /* BlurView.swift */,
			);
			path = Login;
			sourceTree = "<group>";
		};
		8A8C2DE0254686AA0037C62B /* Lottie */ = {
			isa = PBXGroup;
			children = (
				8A8C2DE1254686AA0037C62B /* loading.json */,
				8A8C2DE2254686AA0037C62B /* success.json */,
			);
			path = Lottie;
			sourceTree = "<group>";
		};
		8ACC0B062553D5F3002D43E2 /* Networking */ = {
			isa = PBXGroup;
			children = (
				8A65807F254175ED0036E6E5 /* NetWorkingTool.swift */,
			);
			path = Networking;
			sourceTree = "<group>";
		};
		8AD239C925551CF80018BE43 /* SubMission */ = {
			isa = PBXGroup;
			children = (
				8AD239CA25551D330018BE43 /* Submission.swift */,
			);
			path = SubMission;
			sourceTree = "<group>";
		};
		F9F5117D49454AFA5A85898F /* Pods */ = {
			isa = PBXGroup;
			children = (
				4A5466DDDF5AA0A63A538047 /* Pods-iOS-learning-artifact (iOS).debug.xcconfig */,
				6B0FF2DEFD3B2DDE76B1253F /* Pods-iOS-learning-artifact (iOS).release.xcconfig */,
			);
			path = Pods;
			sourceTree = "<group>";
		};
/* End PBXGroup section */

/* Begin PBXNativeTarget section */
		52F4CAD725122EC800BCBA9F /* SwiftUI-learning-artifact (iOS) */ = {
			isa = PBXNativeTarget;
			buildConfigurationList = 52F4CB0225122EC800BCBA9F /* Build configuration list for PBXNativeTarget "SwiftUI-learning-artifact (iOS)" */;
			buildPhases = (
				90881A527B29A907934F1D68 /* [CP] Check Pods Manifest.lock */,
				52F4CAD425122EC800BCBA9F /* Sources */,
				52F4CAD525122EC800BCBA9F /* Frameworks */,
				52F4CAD625122EC800BCBA9F /* Resources */,
				CACE172A705B628675A540DF /* [CP] Embed Pods Frameworks */,
			);
			buildRules = (
			);
			dependencies = (
			);
			name = "SwiftUI-learning-artifact (iOS)";
			packageProductDependencies = (
				8A8C2DEC25469B340037C62B /* Lottie */,
				8A94730A25555DB8004BF1CB /* Alamofire */,
			);
			productName = "iOS-learning-artifact (iOS)";
			productReference = 52F4CAD825122EC800BCBA9F /* SwiftUI-learning-artifact.app */;
			productType = "com.apple.product-type.application";
		};
		52F4CADF25122EC800BCBA9F /* SwiftUI-learning-artifact (macOS) */ = {
			isa = PBXNativeTarget;
			buildConfigurationList = 52F4CB0525122EC800BCBA9F /* Build configuration list for PBXNativeTarget "SwiftUI-learning-artifact (macOS)" */;
			buildPhases = (
				52F4CADC25122EC800BCBA9F /* Sources */,
				52F4CADD25122EC800BCBA9F /* Frameworks */,
				52F4CADE25122EC800BCBA9F /* Resources */,
			);
			buildRules = (
			);
			dependencies = (
			);
			name = "SwiftUI-learning-artifact (macOS)";
			productName = "iOS-learning-artifact (macOS)";
			productReference = 52F4CAE025122EC800BCBA9F /* SwiftUI-learning-artifact.app */;
			productType = "com.apple.product-type.application";
		};
		52F4CAE725122EC800BCBA9F /* Tests iOS */ = {
			isa = PBXNativeTarget;
			buildConfigurationList = 52F4CB0825122EC800BCBA9F /* Build configuration list for PBXNativeTarget "Tests iOS" */;
			buildPhases = (
				52F4CAE425122EC800BCBA9F /* Sources */,
				52F4CAE525122EC800BCBA9F /* Frameworks */,
				52F4CAE625122EC800BCBA9F /* Resources */,
			);
			buildRules = (
			);
			dependencies = (
				52F4CAEA25122EC800BCBA9F /* PBXTargetDependency */,
			);
			name = "Tests iOS";
			productName = "Tests iOS";
			productReference = 52F4CAE825122EC800BCBA9F /* Tests iOS.xctest */;
			productType = "com.apple.product-type.bundle.ui-testing";
		};
		52F4CAF225122EC800BCBA9F /* Tests macOS */ = {
			isa = PBXNativeTarget;
			buildConfigurationList = 52F4CB0B25122EC800BCBA9F /* Build configuration list for PBXNativeTarget "Tests macOS" */;
			buildPhases = (
				52F4CAEF25122EC800BCBA9F /* Sources */,
				52F4CAF025122EC800BCBA9F /* Frameworks */,
				52F4CAF125122EC800BCBA9F /* Resources */,
			);
			buildRules = (
			);
			dependencies = (
				52F4CAF525122EC800BCBA9F /* PBXTargetDependency */,
			);
			name = "Tests macOS";
			productName = "Tests macOS";
			productReference = 52F4CAF325122EC800BCBA9F /* Tests macOS.xctest */;
			productType = "com.apple.product-type.bundle.ui-testing";
		};
/* End PBXNativeTarget section */

/* Begin PBXProject section */
		52F4CACC25122EC500BCBA9F /* Project object */ = {
			isa = PBXProject;
			attributes = {
				LastSwiftUpdateCheck = 1200;
				LastUpgradeCheck = 1200;
				TargetAttributes = {
					52F4CAD725122EC800BCBA9F = {
						CreatedOnToolsVersion = 12.0;
					};
					52F4CADF25122EC800BCBA9F = {
						CreatedOnToolsVersion = 12.0;
					};
					52F4CAE725122EC800BCBA9F = {
						CreatedOnToolsVersion = 12.0;
						TestTargetID = 52F4CAD725122EC800BCBA9F;
					};
					52F4CAF225122EC800BCBA9F = {
						CreatedOnToolsVersion = 12.0;
						TestTargetID = 52F4CADF25122EC800BCBA9F;
					};
				};
			};
			buildConfigurationList = 52F4CACF25122EC500BCBA9F /* Build configuration list for PBXProject "SwiftUI-learning-artifact" */;
			compatibilityVersion = "Xcode 9.3";
			developmentRegion = en;
			hasScannedForEncodings = 0;
			knownRegions = (
				en,
				Base,
			);
			mainGroup = 52F4CACB25122EC500BCBA9F;
			packageReferences = (
				8A8C2DEB25469B340037C62B /* XCRemoteSwiftPackageReference "lottie-ios" */,
				8A94730925555DB8004BF1CB /* XCRemoteSwiftPackageReference "Alamofire" */,
			);
			productRefGroup = 52F4CAD925122EC800BCBA9F /* Products */;
			projectDirPath = "";
			projectRoot = "";
			targets = (
				52F4CAD725122EC800BCBA9F /* SwiftUI-learning-artifact (iOS) */,
				52F4CADF25122EC800BCBA9F /* SwiftUI-learning-artifact (macOS) */,
				52F4CAE725122EC800BCBA9F /* Tests iOS */,
				52F4CAF225122EC800BCBA9F /* Tests macOS */,
			);
		};
/* End PBXProject section */

/* Begin PBXResourcesBuildPhase section */
		52F4CAD625122EC800BCBA9F /* Resources */ = {
			isa = PBXResourcesBuildPhase;
			buildActionMask = 2147483647;
			files = (
				52F4CAFE25122EC800BCBA9F /* Assets.xcassets in Resources */,
				8A765D002531F9C300489B1A /* questions.json in Resources */,
				8A6580872541764E0036E6E5 /* Podfile in Resources */,
				8A68BE0B2535528100B88C95 /* QuestionDetail.json in Resources */,
				8A8C2DE3254686AA0037C62B /* loading.json in Resources */,
				8A8C2DE5254686AA0037C62B /* success.json in Resources */,
			);
			runOnlyForDeploymentPostprocessing = 0;
		};
		52F4CADE25122EC800BCBA9F /* Resources */ = {
			isa = PBXResourcesBuildPhase;
			buildActionMask = 2147483647;
			files = (
				52F4CAFF25122EC800BCBA9F /* Assets.xcassets in Resources */,
				8A765D012531F9C300489B1A /* questions.json in Resources */,
				8A6580882541764E0036E6E5 /* Podfile in Resources */,
				8A68BE0C2535528100B88C95 /* QuestionDetail.json in Resources */,
				8A8C2DE4254686AA0037C62B /* loading.json in Resources */,
				8A8C2DE6254686AA0037C62B /* success.json in Resources */,
			);
			runOnlyForDeploymentPostprocessing = 0;
		};
		52F4CAE625122EC800BCBA9F /* Resources */ = {
			isa = PBXResourcesBuildPhase;
			buildActionMask = 2147483647;
			files = (
			);
			runOnlyForDeploymentPostprocessing = 0;
		};
		52F4CAF125122EC800BCBA9F /* Resources */ = {
			isa = PBXResourcesBuildPhase;
			buildActionMask = 2147483647;
			files = (
			);
			runOnlyForDeploymentPostprocessing = 0;
		};
/* End PBXResourcesBuildPhase section */

/* Begin PBXShellScriptBuildPhase section */
		90881A527B29A907934F1D68 /* [CP] Check Pods Manifest.lock */ = {
			isa = PBXShellScriptBuildPhase;
			buildActionMask = 2147483647;
			files = (
			);
			inputFileListPaths = (
			);
			inputPaths = (
				"${PODS_PODFILE_DIR_PATH}/Podfile.lock",
				"${PODS_ROOT}/Manifest.lock",
			);
			name = "[CP] Check Pods Manifest.lock";
			outputFileListPaths = (
			);
			outputPaths = (
				"$(DERIVED_FILE_DIR)/Pods-iOS-learning-artifact (iOS)-checkManifestLockResult.txt",
			);
			runOnlyForDeploymentPostprocessing = 0;
			shellPath = /bin/sh;
			shellScript = "diff \"${PODS_PODFILE_DIR_PATH}/Podfile.lock\" \"${PODS_ROOT}/Manifest.lock\" > /dev/null\nif [ $? != 0 ] ; then\n    # print error to STDERR\n    echo \"error: The sandbox is not in sync with the Podfile.lock. Run 'pod install' or update your CocoaPods installation.\" >&2\n    exit 1\nfi\n# This output is used by Xcode 'outputs' to avoid re-running this script phase.\necho \"SUCCESS\" > \"${SCRIPT_OUTPUT_FILE_0}\"\n";
			showEnvVarsInLog = 0;
		};
		CACE172A705B628675A540DF /* [CP] Embed Pods Frameworks */ = {
			isa = PBXShellScriptBuildPhase;
			buildActionMask = 2147483647;
			files = (
			);
			inputFileListPaths = (
				"${PODS_ROOT}/Target Support Files/Pods-iOS-learning-artifact (iOS)/Pods-iOS-learning-artifact (iOS)-frameworks-${CONFIGURATION}-input-files.xcfilelist",
			);
			name = "[CP] Embed Pods Frameworks";
			outputFileListPaths = (
				"${PODS_ROOT}/Target Support Files/Pods-iOS-learning-artifact (iOS)/Pods-iOS-learning-artifact (iOS)-frameworks-${CONFIGURATION}-output-files.xcfilelist",
			);
			runOnlyForDeploymentPostprocessing = 0;
			shellPath = /bin/sh;
			shellScript = "\"${PODS_ROOT}/Target Support Files/Pods-iOS-learning-artifact (iOS)/Pods-iOS-learning-artifact (iOS)-frameworks.sh\"\n";
			showEnvVarsInLog = 0;
		};
/* End PBXShellScriptBuildPhase section */

/* Begin PBXSourcesBuildPhase section */
		52F4CAD425122EC800BCBA9F /* Sources */ = {
			isa = PBXSourcesBuildPhase;
			buildActionMask = 2147483647;
			files = (
				8A8C2DA8254669890037C62B /* QuestionCategoryDetail.swift in Sources */,
				8A0828982533ED9500DAC0A4 /* QuestionRow.swift in Sources */,
				8A658075254175A00036E6E5 /* DataStore.swift in Sources */,
				8A658099254177A30036E6E5 /* SectionView.swift in Sources */,
				8A8C2DC825467EE30037C62B /* LoginView.swift in Sources */,
				8A8C2DFE25469DE10037C62B /* BlurView.swift in Sources */,
				8A8C2DD32546837D0037C62B /* LoadingView.swift in Sources */,
				52F4CAFC25122EC800BCBA9F /* ContentView.swift in Sources */,
				52F4CB1B2512335B00BCBA9F /* ALgorithmCourseRow.swift in Sources */,
				52F4CB2225123C5C00BCBA9F /* Sidebar.swift in Sources */,
				8A68BE1F2535944000B88C95 /* QuestionDetailModel.swift in Sources */,
				8A8C2DDA254683C70037C62B /* LottieView.swift in Sources */,
				8A8C2DBC254677300037C62B /* CustomModifiers.swift in Sources */,
				52F4CB18251232A700BCBA9F /* AlgorithmCourseSection.swift in Sources */,
				8AD239CB25551D330018BE43 /* Submission.swift in Sources */,
				8A658065254174390036E6E5 /* HomeView.swift in Sources */,
				52F4CB122512302200BCBA9F /* AlgorithmCourse.swift in Sources */,
				8A5F4329255139CD0097B619 /* Record.swift in Sources */,
				8A5D7043253337D2009F2A32 /* Question.swift in Sources */,
				8A5D703C2532FD75009F2A32 /* Helper.swift in Sources */,
				8A8C2DB0254676810037C62B /* UserStore.swift in Sources */,
				8A658080254175ED0036E6E5 /* NetWorkingTool.swift in Sources */,
				8A496FB425541B670077A80F /* QuestionDetail.swift in Sources */,
				8A6580A425417E390036E6E5 /* AlgorithmListView.swift in Sources */,
				8A8C2DF725469DAC0037C62B /* LoginSuccessView.swift in Sources */,
				52F4CB1F2512347000BCBA9F /* RootView.swift in Sources */,
				52F4CAFA25122EC800BCBA9F /* iOS_learning_artifactApp.swift in Sources */,
				52F4CB15251230D900BCBA9F /* AlgorithmCourseItem.swift in Sources */,
			);
			runOnlyForDeploymentPostprocessing = 0;
		};
		52F4CADC25122EC800BCBA9F /* Sources */ = {
			isa = PBXSourcesBuildPhase;
			buildActionMask = 2147483647;
			files = (
				8A8C2DA9254669890037C62B /* QuestionCategoryDetail.swift in Sources */,
				8A0828992533ED9500DAC0A4 /* QuestionRow.swift in Sources */,
				8A658076254175A00036E6E5 /* DataStore.swift in Sources */,
				8A65809A254177A30036E6E5 /* SectionView.swift in Sources */,
				8A8C2DC925467EE30037C62B /* LoginView.swift in Sources */,
				8A8C2DFF25469DE10037C62B /* BlurView.swift in Sources */,
				8A8C2DD42546837D0037C62B /* LoadingView.swift in Sources */,
				52F4CAFD25122EC800BCBA9F /* ContentView.swift in Sources */,
				52F4CB1C2512335B00BCBA9F /* ALgorithmCourseRow.swift in Sources */,
				52F4CB2325123C5C00BCBA9F /* Sidebar.swift in Sources */,
				8A68BE202535944000B88C95 /* QuestionDetailModel.swift in Sources */,
				8A8C2DDB254683C70037C62B /* LottieView.swift in Sources */,
				8A8C2DBD254677300037C62B /* CustomModifiers.swift in Sources */,
				52F4CB19251232A700BCBA9F /* AlgorithmCourseSection.swift in Sources */,
				8AD239CC25551D330018BE43 /* Submission.swift in Sources */,
				8A658066254174390036E6E5 /* HomeView.swift in Sources */,
				52F4CB132512302200BCBA9F /* AlgorithmCourse.swift in Sources */,
				8A5F432A255139CD0097B619 /* Record.swift in Sources */,
				8A5D7044253337D2009F2A32 /* Question.swift in Sources */,
				8A5D703D2532FD75009F2A32 /* Helper.swift in Sources */,
				8A8C2DB1254676810037C62B /* UserStore.swift in Sources */,
				8A658081254175ED0036E6E5 /* NetWorkingTool.swift in Sources */,
				8A496FB525541B670077A80F /* QuestionDetail.swift in Sources */,
				8A6580A525417E390036E6E5 /* AlgorithmListView.swift in Sources */,
				8A8C2DF825469DAC0037C62B /* LoginSuccessView.swift in Sources */,
				52F4CB202512347000BCBA9F /* RootView.swift in Sources */,
				52F4CAFB25122EC800BCBA9F /* iOS_learning_artifactApp.swift in Sources */,
				52F4CB16251230D900BCBA9F /* AlgorithmCourseItem.swift in Sources */,
			);
			runOnlyForDeploymentPostprocessing = 0;
		};
		52F4CAE425122EC800BCBA9F /* Sources */ = {
			isa = PBXSourcesBuildPhase;
			buildActionMask = 2147483647;
			files = (
				52F4CAED25122EC800BCBA9F /* Tests_iOS.swift in Sources */,
			);
			runOnlyForDeploymentPostprocessing = 0;
		};
		52F4CAEF25122EC800BCBA9F /* Sources */ = {
			isa = PBXSourcesBuildPhase;
			buildActionMask = 2147483647;
			files = (
				52F4CAF825122EC800BCBA9F /* Tests_macOS.swift in Sources */,
			);
			runOnlyForDeploymentPostprocessing = 0;
		};
/* End PBXSourcesBuildPhase section */

/* Begin PBXTargetDependency section */
		52F4CAEA25122EC800BCBA9F /* PBXTargetDependency */ = {
			isa = PBXTargetDependency;
			target = 52F4CAD725122EC800BCBA9F /* SwiftUI-learning-artifact (iOS) */;
			targetProxy = 52F4CAE925122EC800BCBA9F /* PBXContainerItemProxy */;
		};
		52F4CAF525122EC800BCBA9F /* PBXTargetDependency */ = {
			isa = PBXTargetDependency;
			target = 52F4CADF25122EC800BCBA9F /* SwiftUI-learning-artifact (macOS) */;
			targetProxy = 52F4CAF425122EC800BCBA9F /* PBXContainerItemProxy */;
		};
/* End PBXTargetDependency section */

/* Begin XCBuildConfiguration section */
		52F4CB0025122EC800BCBA9F /* Debug */ = {
			isa = XCBuildConfiguration;
			buildSettings = {
				ALWAYS_SEARCH_USER_PATHS = NO;
				CLANG_ANALYZER_NONNULL = YES;
				CLANG_ANALYZER_NUMBER_OBJECT_CONVERSION = YES_AGGRESSIVE;
				CLANG_CXX_LANGUAGE_STANDARD = "gnu++14";
				CLANG_CXX_LIBRARY = "libc++";
				CLANG_ENABLE_MODULES = YES;
				CLANG_ENABLE_OBJC_ARC = YES;
				CLANG_ENABLE_OBJC_WEAK = YES;
				CLANG_WARN_BLOCK_CAPTURE_AUTORELEASING = YES;
				CLANG_WARN_BOOL_CONVERSION = YES;
				CLANG_WARN_COMMA = YES;
				CLANG_WARN_CONSTANT_CONVERSION = YES;
				CLANG_WARN_DEPRECATED_OBJC_IMPLEMENTATIONS = YES;
				CLANG_WARN_DIRECT_OBJC_ISA_USAGE = YES_ERROR;
				CLANG_WARN_DOCUMENTATION_COMMENTS = YES;
				CLANG_WARN_EMPTY_BODY = YES;
				CLANG_WARN_ENUM_CONVERSION = YES;
				CLANG_WARN_INFINITE_RECURSION = YES;
				CLANG_WARN_INT_CONVERSION = YES;
				CLANG_WARN_NON_LITERAL_NULL_CONVERSION = YES;
				CLANG_WARN_OBJC_IMPLICIT_RETAIN_SELF = YES;
				CLANG_WARN_OBJC_LITERAL_CONVERSION = YES;
				CLANG_WARN_OBJC_ROOT_CLASS = YES_ERROR;
				CLANG_WARN_QUOTED_INCLUDE_IN_FRAMEWORK_HEADER = YES;
				CLANG_WARN_RANGE_LOOP_ANALYSIS = YES;
				CLANG_WARN_STRICT_PROTOTYPES = YES;
				CLANG_WARN_SUSPICIOUS_MOVE = YES;
				CLANG_WARN_UNGUARDED_AVAILABILITY = YES_AGGRESSIVE;
				CLANG_WARN_UNREACHABLE_CODE = YES;
				CLANG_WARN__DUPLICATE_METHOD_MATCH = YES;
				COPY_PHASE_STRIP = NO;
				DEBUG_INFORMATION_FORMAT = dwarf;
				ENABLE_STRICT_OBJC_MSGSEND = YES;
				ENABLE_TESTABILITY = YES;
				GCC_C_LANGUAGE_STANDARD = gnu11;
				GCC_DYNAMIC_NO_PIC = NO;
				GCC_NO_COMMON_BLOCKS = YES;
				GCC_OPTIMIZATION_LEVEL = 0;
				GCC_PREPROCESSOR_DEFINITIONS = (
					"DEBUG=1",
					"$(inherited)",
				);
				GCC_WARN_64_TO_32_BIT_CONVERSION = YES;
				GCC_WARN_ABOUT_RETURN_TYPE = YES_ERROR;
				GCC_WARN_UNDECLARED_SELECTOR = YES;
				GCC_WARN_UNINITIALIZED_AUTOS = YES_AGGRESSIVE;
				GCC_WARN_UNUSED_FUNCTION = YES;
				GCC_WARN_UNUSED_VARIABLE = YES;
				MTL_ENABLE_DEBUG_INFO = INCLUDE_SOURCE;
				MTL_FAST_MATH = YES;
				ONLY_ACTIVE_ARCH = YES;
				SWIFT_ACTIVE_COMPILATION_CONDITIONS = DEBUG;
				SWIFT_OPTIMIZATION_LEVEL = "-Onone";
			};
			name = Debug;
		};
		52F4CB0125122EC800BCBA9F /* Release */ = {
			isa = XCBuildConfiguration;
			buildSettings = {
				ALWAYS_SEARCH_USER_PATHS = NO;
				CLANG_ANALYZER_NONNULL = YES;
				CLANG_ANALYZER_NUMBER_OBJECT_CONVERSION = YES_AGGRESSIVE;
				CLANG_CXX_LANGUAGE_STANDARD = "gnu++14";
				CLANG_CXX_LIBRARY = "libc++";
				CLANG_ENABLE_MODULES = YES;
				CLANG_ENABLE_OBJC_ARC = YES;
				CLANG_ENABLE_OBJC_WEAK = YES;
				CLANG_WARN_BLOCK_CAPTURE_AUTORELEASING = YES;
				CLANG_WARN_BOOL_CONVERSION = YES;
				CLANG_WARN_COMMA = YES;
				CLANG_WARN_CONSTANT_CONVERSION = YES;
				CLANG_WARN_DEPRECATED_OBJC_IMPLEMENTATIONS = YES;
				CLANG_WARN_DIRECT_OBJC_ISA_USAGE = YES_ERROR;
				CLANG_WARN_DOCUMENTATION_COMMENTS = YES;
				CLANG_WARN_EMPTY_BODY = YES;
				CLANG_WARN_ENUM_CONVERSION = YES;
				CLANG_WARN_INFINITE_RECURSION = YES;
				CLANG_WARN_INT_CONVERSION = YES;
				CLANG_WARN_NON_LITERAL_NULL_CONVERSION = YES;
				CLANG_WARN_OBJC_IMPLICIT_RETAIN_SELF = YES;
				CLANG_WARN_OBJC_LITERAL_CONVERSION = YES;
				CLANG_WARN_OBJC_ROOT_CLASS = YES_ERROR;
				CLANG_WARN_QUOTED_INCLUDE_IN_FRAMEWORK_HEADER = YES;
				CLANG_WARN_RANGE_LOOP_ANALYSIS = YES;
				CLANG_WARN_STRICT_PROTOTYPES = YES;
				CLANG_WARN_SUSPICIOUS_MOVE = YES;
				CLANG_WARN_UNGUARDED_AVAILABILITY = YES_AGGRESSIVE;
				CLANG_WARN_UNREACHABLE_CODE = YES;
				CLANG_WARN__DUPLICATE_METHOD_MATCH = YES;
				COPY_PHASE_STRIP = NO;
				DEBUG_INFORMATION_FORMAT = "dwarf-with-dsym";
				ENABLE_NS_ASSERTIONS = NO;
				ENABLE_STRICT_OBJC_MSGSEND = YES;
				GCC_C_LANGUAGE_STANDARD = gnu11;
				GCC_NO_COMMON_BLOCKS = YES;
				GCC_WARN_64_TO_32_BIT_CONVERSION = YES;
				GCC_WARN_ABOUT_RETURN_TYPE = YES_ERROR;
				GCC_WARN_UNDECLARED_SELECTOR = YES;
				GCC_WARN_UNINITIALIZED_AUTOS = YES_AGGRESSIVE;
				GCC_WARN_UNUSED_FUNCTION = YES;
				GCC_WARN_UNUSED_VARIABLE = YES;
				MTL_ENABLE_DEBUG_INFO = NO;
				MTL_FAST_MATH = YES;
				SWIFT_COMPILATION_MODE = wholemodule;
				SWIFT_OPTIMIZATION_LEVEL = "-O";
			};
			name = Release;
		};
		52F4CB0325122EC800BCBA9F /* Debug */ = {
			isa = XCBuildConfiguration;
			baseConfigurationReference = 4A5466DDDF5AA0A63A538047 /* Pods-iOS-learning-artifact (iOS).debug.xcconfig */;
			buildSettings = {
				ASSETCATALOG_COMPILER_APPICON_NAME = AppIcon;
				ASSETCATALOG_COMPILER_GLOBAL_ACCENT_COLOR_NAME = AccentColor;
				CODE_SIGN_STYLE = Automatic;
				DEAD_CODE_STRIPPING = NO;
				DEVELOPMENT_TEAM = KRYE8VW74K;
				ENABLE_PREVIEWS = YES;
				INFOPLIST_FILE = iOS/Info.plist;
				IPHONEOS_DEPLOYMENT_TARGET = 14.0;
				LD_RUNPATH_SEARCH_PATHS = (
					"$(inherited)",
					"@executable_path/Frameworks",
				);
				PRODUCT_BUNDLE_IDENTIFIER = "com.iOS-learning-artifact";
				PRODUCT_NAME = "SwiftUI-learning-artifact";
				SDKROOT = iphoneos;
				SWIFT_VERSION = 5.0;
				TARGETED_DEVICE_FAMILY = "1,2";
			};
			name = Debug;
		};
		52F4CB0425122EC800BCBA9F /* Release */ = {
			isa = XCBuildConfiguration;
			baseConfigurationReference = 6B0FF2DEFD3B2DDE76B1253F /* Pods-iOS-learning-artifact (iOS).release.xcconfig */;
			buildSettings = {
				ASSETCATALOG_COMPILER_APPICON_NAME = AppIcon;
				ASSETCATALOG_COMPILER_GLOBAL_ACCENT_COLOR_NAME = AccentColor;
				CODE_SIGN_STYLE = Automatic;
				DEAD_CODE_STRIPPING = NO;
				DEVELOPMENT_TEAM = KRYE8VW74K;
				ENABLE_PREVIEWS = YES;
				INFOPLIST_FILE = iOS/Info.plist;
				IPHONEOS_DEPLOYMENT_TARGET = 14.0;
				LD_RUNPATH_SEARCH_PATHS = (
					"$(inherited)",
					"@executable_path/Frameworks",
				);
				PRODUCT_BUNDLE_IDENTIFIER = "com.iOS-learning-artifact";
				PRODUCT_NAME = "SwiftUI-learning-artifact";
				SDKROOT = iphoneos;
				SWIFT_VERSION = 5.0;
				TARGETED_DEVICE_FAMILY = "1,2";
				VALIDATE_PRODUCT = YES;
			};
			name = Release;
		};
		52F4CB0625122EC800BCBA9F /* Debug */ = {
			isa = XCBuildConfiguration;
			buildSettings = {
				ASSETCATALOG_COMPILER_APPICON_NAME = AppIcon;
				ASSETCATALOG_COMPILER_GLOBAL_ACCENT_COLOR_NAME = AccentColor;
				CODE_SIGN_ENTITLEMENTS = macOS/macOS.entitlements;
				CODE_SIGN_STYLE = Automatic;
				COMBINE_HIDPI_IMAGES = YES;
				DEVELOPMENT_TEAM = KRYE8VW74K;
				ENABLE_HARDENED_RUNTIME = YES;
				ENABLE_PREVIEWS = YES;
				INFOPLIST_FILE = macOS/Info.plist;
				LD_RUNPATH_SEARCH_PATHS = (
					"$(inherited)",
					"@executable_path/../Frameworks",
				);
				MACOSX_DEPLOYMENT_TARGET = 11.0;
				PRODUCT_BUNDLE_IDENTIFIER = "com.iOS-learning-artifact";
				PRODUCT_NAME = "SwiftUI-learning-artifact";
				SDKROOT = macosx;
				SWIFT_VERSION = 5.0;
			};
			name = Debug;
		};
		52F4CB0725122EC800BCBA9F /* Release */ = {
			isa = XCBuildConfiguration;
			buildSettings = {
				ASSETCATALOG_COMPILER_APPICON_NAME = AppIcon;
				ASSETCATALOG_COMPILER_GLOBAL_ACCENT_COLOR_NAME = AccentColor;
				CODE_SIGN_ENTITLEMENTS = macOS/macOS.entitlements;
				CODE_SIGN_STYLE = Automatic;
				COMBINE_HIDPI_IMAGES = YES;
				DEVELOPMENT_TEAM = KRYE8VW74K;
				ENABLE_HARDENED_RUNTIME = YES;
				ENABLE_PREVIEWS = YES;
				INFOPLIST_FILE = macOS/Info.plist;
				LD_RUNPATH_SEARCH_PATHS = (
					"$(inherited)",
					"@executable_path/../Frameworks",
				);
				MACOSX_DEPLOYMENT_TARGET = 11.0;
				PRODUCT_BUNDLE_IDENTIFIER = "com.iOS-learning-artifact";
				PRODUCT_NAME = "SwiftUI-learning-artifact";
				SDKROOT = macosx;
				SWIFT_VERSION = 5.0;
			};
			name = Release;
		};
		52F4CB0925122EC800BCBA9F /* Debug */ = {
			isa = XCBuildConfiguration;
			buildSettings = {
				ALWAYS_EMBED_SWIFT_STANDARD_LIBRARIES = YES;
				CODE_SIGN_STYLE = Automatic;
				DEVELOPMENT_TEAM = KRYE8VW74K;
				INFOPLIST_FILE = "Tests iOS/Info.plist";
				IPHONEOS_DEPLOYMENT_TARGET = 14.0;
				LD_RUNPATH_SEARCH_PATHS = (
					"$(inherited)",
					"@executable_path/Frameworks",
					"@loader_path/Frameworks",
				);
				PRODUCT_BUNDLE_IDENTIFIER = "com.Tests-iOS";
				PRODUCT_NAME = "$(TARGET_NAME)";
				SDKROOT = iphoneos;
				SWIFT_VERSION = 5.0;
				TARGETED_DEVICE_FAMILY = "1,2";
				TEST_TARGET_NAME = "iOS-learning-artifact (iOS)";
			};
			name = Debug;
		};
		52F4CB0A25122EC800BCBA9F /* Release */ = {
			isa = XCBuildConfiguration;
			buildSettings = {
				ALWAYS_EMBED_SWIFT_STANDARD_LIBRARIES = YES;
				CODE_SIGN_STYLE = Automatic;
				DEVELOPMENT_TEAM = KRYE8VW74K;
				INFOPLIST_FILE = "Tests iOS/Info.plist";
				IPHONEOS_DEPLOYMENT_TARGET = 14.0;
				LD_RUNPATH_SEARCH_PATHS = (
					"$(inherited)",
					"@executable_path/Frameworks",
					"@loader_path/Frameworks",
				);
				PRODUCT_BUNDLE_IDENTIFIER = "com.Tests-iOS";
				PRODUCT_NAME = "$(TARGET_NAME)";
				SDKROOT = iphoneos;
				SWIFT_VERSION = 5.0;
				TARGETED_DEVICE_FAMILY = "1,2";
				TEST_TARGET_NAME = "iOS-learning-artifact (iOS)";
				VALIDATE_PRODUCT = YES;
			};
			name = Release;
		};
		52F4CB0C25122EC800BCBA9F /* Debug */ = {
			isa = XCBuildConfiguration;
			buildSettings = {
				ALWAYS_EMBED_SWIFT_STANDARD_LIBRARIES = YES;
				CODE_SIGN_STYLE = Automatic;
				COMBINE_HIDPI_IMAGES = YES;
				DEVELOPMENT_TEAM = KRYE8VW74K;
				INFOPLIST_FILE = "Tests macOS/Info.plist";
				LD_RUNPATH_SEARCH_PATHS = (
					"$(inherited)",
					"@executable_path/../Frameworks",
					"@loader_path/../Frameworks",
				);
				MACOSX_DEPLOYMENT_TARGET = 11.0;
				PRODUCT_BUNDLE_IDENTIFIER = "com.Tests-macOS";
				PRODUCT_NAME = "$(TARGET_NAME)";
				SDKROOT = macosx;
				SWIFT_VERSION = 5.0;
				TEST_TARGET_NAME = "iOS-learning-artifact (macOS)";
			};
			name = Debug;
		};
		52F4CB0D25122EC800BCBA9F /* Release */ = {
			isa = XCBuildConfiguration;
			buildSettings = {
				ALWAYS_EMBED_SWIFT_STANDARD_LIBRARIES = YES;
				CODE_SIGN_STYLE = Automatic;
				COMBINE_HIDPI_IMAGES = YES;
				DEVELOPMENT_TEAM = KRYE8VW74K;
				INFOPLIST_FILE = "Tests macOS/Info.plist";
				LD_RUNPATH_SEARCH_PATHS = (
					"$(inherited)",
					"@executable_path/../Frameworks",
					"@loader_path/../Frameworks",
				);
				MACOSX_DEPLOYMENT_TARGET = 11.0;
				PRODUCT_BUNDLE_IDENTIFIER = "com.Tests-macOS";
				PRODUCT_NAME = "$(TARGET_NAME)";
				SDKROOT = macosx;
				SWIFT_VERSION = 5.0;
				TEST_TARGET_NAME = "iOS-learning-artifact (macOS)";
			};
			name = Release;
		};
/* End XCBuildConfiguration section */

/* Begin XCConfigurationList section */
		52F4CACF25122EC500BCBA9F /* Build configuration list for PBXProject "SwiftUI-learning-artifact" */ = {
			isa = XCConfigurationList;
			buildConfigurations = (
				52F4CB0025122EC800BCBA9F /* Debug */,
				52F4CB0125122EC800BCBA9F /* Release */,
			);
			defaultConfigurationIsVisible = 0;
			defaultConfigurationName = Release;
		};
		52F4CB0225122EC800BCBA9F /* Build configuration list for PBXNativeTarget "SwiftUI-learning-artifact (iOS)" */ = {
			isa = XCConfigurationList;
			buildConfigurations = (
				52F4CB0325122EC800BCBA9F /* Debug */,
				52F4CB0425122EC800BCBA9F /* Release */,
			);
			defaultConfigurationIsVisible = 0;
			defaultConfigurationName = Release;
		};
		52F4CB0525122EC800BCBA9F /* Build configuration list for PBXNativeTarget "SwiftUI-learning-artifact (macOS)" */ = {
			isa = XCConfigurationList;
			buildConfigurations = (
				52F4CB0625122EC800BCBA9F /* Debug */,
				52F4CB0725122EC800BCBA9F /* Release */,
			);
			defaultConfigurationIsVisible = 0;
			defaultConfigurationName = Release;
		};
		52F4CB0825122EC800BCBA9F /* Build configuration list for PBXNativeTarget "Tests iOS" */ = {
			isa = XCConfigurationList;
			buildConfigurations = (
				52F4CB0925122EC800BCBA9F /* Debug */,
				52F4CB0A25122EC800BCBA9F /* Release */,
			);
			defaultConfigurationIsVisible = 0;
			defaultConfigurationName = Release;
		};
		52F4CB0B25122EC800BCBA9F /* Build configuration list for PBXNativeTarget "Tests macOS" */ = {
			isa = XCConfigurationList;
			buildConfigurations = (
				52F4CB0C25122EC800BCBA9F /* Debug */,
				52F4CB0D25122EC800BCBA9F /* Release */,
			);
			defaultConfigurationIsVisible = 0;
			defaultConfigurationName = Release;
		};
/* End XCConfigurationList section */

/* Begin XCRemoteSwiftPackageReference section */
		8A8C2DEB25469B340037C62B /* XCRemoteSwiftPackageReference "lottie-ios" */ = {
			isa = XCRemoteSwiftPackageReference;
			repositoryURL = "https://github.com/airbnb/lottie-ios.git";
			requirement = {
				kind = upToNextMajorVersion;
				minimumVersion = 3.1.8;
			};
		};
		8A94730925555DB8004BF1CB /* XCRemoteSwiftPackageReference "Alamofire" */ = {
			isa = XCRemoteSwiftPackageReference;
			repositoryURL = "https://github.com/Alamofire/Alamofire.git";
			requirement = {
				kind = upToNextMajorVersion;
				minimumVersion = 5.4.0;
			};
		};
/* End XCRemoteSwiftPackageReference section */

/* Begin XCSwiftPackageProductDependency section */
		8A8C2DEC25469B340037C62B /* Lottie */ = {
			isa = XCSwiftPackageProductDependency;
			package = 8A8C2DEB25469B340037C62B /* XCRemoteSwiftPackageReference "lottie-ios" */;
			productName = Lottie;
		};
		8A94730A25555DB8004BF1CB /* Alamofire */ = {
			isa = XCSwiftPackageProductDependency;
			package = 8A94730925555DB8004BF1CB /* XCRemoteSwiftPackageReference "Alamofire" */;
			productName = Alamofire;
		};
/* End XCSwiftPackageProductDependency section */
	};
	rootObject = 52F4CACC25122EC500BCBA9F /* Project object */;
}
